
Microsoft Visual Studio Solution File, Format Version 12.00
# Visual Studio Version 17
VisualStudioVersion = 17.4.33205.214
MinimumVisualStudioVersion = 10.0.40219.1
Project("{9A19103F-16F7-4668-BE54-9A1E7A4F7556}") = "devpodcasts.domain", "devpodcasts.domain\devpodcasts.domain.csproj", "{B34E67BF-2DDF-413C-87E6-8FCC3DF5FE6F}"
EndProject
Project("{9A19103F-16F7-4668-BE54-9A1E7A4F7556}") = "devpodcasts.data.entityframework", "devpodcasts.data.entityframework\devpodcasts.data.entityframework.csproj", "{E686EB4E-02E1-4278-907E-1E7E5ED20380}"
EndProject
Project("{9A19103F-16F7-4668-BE54-9A1E7A4F7556}") = "devpodcasts.services.core", "devpodcasts.services.core\devpodcasts.services.core.csproj", "{1AA94263-2282-4885-A4E2-45134E7C0CC1}"
EndProject
Project("{9A19103F-16F7-4668-BE54-9A1E7A4F7556}") = "devpodcasts.server.core", "devpodcasts.server.core\devpodcasts.server.core.csproj", "{908C3A8F-D623-4547-A6F3-431F5E804936}"
EndProject
Project("{9A19103F-16F7-4668-BE54-9A1E7A4F7556}") = "devpodcasts.services.core.test", "devpodcasts.services.core.test\devpodcasts.services.core.test.csproj", "{82621BC1-1729-4FA3-9341-BB99B42C4E6F}"
EndProject
Project("{9A19103F-16F7-4668-BE54-9A1E7A4F7556}") = "devpodcasts.server.core.test", "devpodcasts.server.core.test\devpodcasts.server.core.test.csproj", "{EB023767-57DA-4228-818A-4A3ED60E6556}"
EndProject
Project("{9A19103F-16F7-4668-BE54-9A1E7A4F7556}") = "devpodcasts.common", "devpodcasts.common\devpodcasts.common.csproj", "{A6C54AD8-B666-4E1D-A7FE-6296DC65D218}"
EndProject
Global
	GlobalSection(SolutionConfigurationPlatforms) = preSolution
		Debug|Any CPU = Debug|Any CPU
		Release|Any CPU = Release|Any CPU
	EndGlobalSection
	GlobalSection(ProjectConfigurationPlatforms) = postSolution
		{B34E67BF-2DDF-413C-87E6-8FCC3DF5FE6F}.Debug|Any CPU.ActiveCfg = Debug|Any CPU
		{B34E67BF-2DDF-413C-87E6-8FCC3DF5FE6F}.Debug|Any CPU.Build.0 = Debug|Any CPU
		{B34E67BF-2DDF-413C-87E6-8FCC3DF5FE6F}.Release|Any CPU.ActiveCfg = Release|Any CPU
		{B34E67BF-2DDF-413C-87E6-8FCC3DF5FE6F}.Release|Any CPU.Build.0 = Release|Any CPU
		{E686EB4E-02E1-4278-907E-1E7E5ED20380}.Debug|Any CPU.ActiveCfg = Debug|Any CPU
		{E686EB4E-02E1-4278-907E-1E7E5ED20380}.Debug|Any CPU.Build.0 = Debug|Any CPU
		{E686EB4E-02E1-4278-907E-1E7E5ED20380}.Release|Any CPU.ActiveCfg = Release|Any CPU
		{E686EB4E-02E1-4278-907E-1E7E5ED20380}.Release|Any CPU.Build.0 = Release|Any CPU
		{1AA94263-2282-4885-A4E2-45134E7C0CC1}.Debug|Any CPU.ActiveCfg = Debug|Any CPU
		{1AA94263-2282-4885-A4E2-45134E7C0CC1}.Debug|Any CPU.Build.0 = Debug|Any CPU
		{1AA94263-2282-4885-A4E2-45134E7C0CC1}.Release|Any CPU.ActiveCfg = Release|Any CPU
		{1AA94263-2282-4885-A4E2-45134E7C0CC1}.Release|Any CPU.Build.0 = Release|Any CPU
		{908C3A8F-D623-4547-A6F3-431F5E804936}.Debug|Any CPU.ActiveCfg = Debug|Any CPU
		{908C3A8F-D623-4547-A6F3-431F5E804936}.Debug|Any CPU.Build.0 = Debug|Any CPU
		{908C3A8F-D623-4547-A6F3-431F5E804936}.Release|Any CPU.ActiveCfg = Release|Any CPU
		{908C3A8F-D623-4547-A6F3-431F5E804936}.Release|Any CPU.Build.0 = Release|Any CPU
		{82621BC1-1729-4FA3-9341-BB99B42C4E6F}.Debug|Any CPU.ActiveCfg = Debug|Any CPU
		{82621BC1-1729-4FA3-9341-BB99B42C4E6F}.Debug|Any CPU.Build.0 = Debug|Any CPU
		{82621BC1-1729-4FA3-9341-BB99B42C4E6F}.Release|Any CPU.ActiveCfg = Release|Any CPU
		{82621BC1-1729-4FA3-9341-BB99B42C4E6F}.Release|Any CPU.Build.0 = Release|Any CPU
		{EB023767-57DA-4228-818A-4A3ED60E6556}.Debug|Any CPU.ActiveCfg = Debug|Any CPU
		{EB023767-57DA-4228-818A-4A3ED60E6556}.Debug|Any CPU.Build.0 = Debug|Any CPU
		{EB023767-57DA-4228-818A-4A3ED60E6556}.Release|Any CPU.ActiveCfg = Release|Any CPU
		{EB023767-57DA-4228-818A-4A3ED60E6556}.Release|Any CPU.Build.0 = Release|Any CPU
		{A6C54AD8-B666-4E1D-A7FE-6296DC65D218}.Debug|Any CPU.ActiveCfg = Debug|Any CPU
		{A6C54AD8-B666-4E1D-A7FE-6296DC65D218}.Debug|Any CPU.Build.0 = Debug|Any CPU
		{A6C54AD8-B666-4E1D-A7FE-6296DC65D218}.Release|Any CPU.ActiveCfg = Release|Any CPU
		{A6C54AD8-B666-4E1D-A7FE-6296DC65D218}.Release|Any CPU.Build.0 = Release|Any CPU
	EndGlobalSection
	GlobalSection(SolutionProperties) = preSolution
		HideSolutionNode = FALSE
	EndGlobalSection
	GlobalSection(ExtensibilityGlobals) = postSolution
		SolutionGuid = {11DC09EE-9372-4592-A2E7-71B8195CEBEE}
	EndGlobalSection
EndGlobal
